
Microsoft Visual Studio Solution File, Format Version 12.00
# Visual Studio Version 17
VisualStudioVersion = 17.5.33502.453
MinimumVisualStudioVersion = 10.0.40219.1
Project("{FAE04EC0-301F-11D3-BF4B-00C04F79EFBC}") = "FuncionariosEmpresa.API", "FuncionariosEmpresa.API\FuncionariosEmpresa.API.csproj", "{8AA36EFF-FA43-48FD-B2D8-D1109E84389C}"
EndProject
Global
	GlobalSection(SolutionConfigurationPlatforms) = preSolution
		Debug|Any CPU = Debug|Any CPU
		Release|Any CPU = Release|Any CPU
	EndGlobalSection
	GlobalSection(ProjectConfigurationPlatforms) = postSolution
		{8AA36EFF-FA43-48FD-B2D8-D1109E84389C}.Debug|Any CPU.ActiveCfg = Debug|Any CPU
		{8AA36EFF-FA43-48FD-B2D8-D1109E84389C}.Debug|Any CPU.Build.0 = Debug|Any CPU
		{8AA36EFF-FA43-48FD-B2D8-D1109E84389C}.Release|Any CPU.ActiveCfg = Release|Any CPU
		{8AA36EFF-FA43-48FD-B2D8-D1109E84389C}.Release|Any CPU.Build.0 = Release|Any CPU
	EndGlobalSection
	GlobalSection(SolutionProperties) = preSolution
		HideSolutionNode = FALSE
	EndGlobalSection
	GlobalSection(ExtensibilityGlobals) = postSolution
		SolutionGuid = {ABEDCF24-1C02-4017-8A6B-F7912123A695}
	EndGlobalSection
EndGlobal
