
Microsoft Visual Studio Solution File, Format Version 12.00
# Visual Studio Version 17
VisualStudioVersion = 17.5.33502.453
MinimumVisualStudioVersion = 10.0.40219.1
Project("{FAE04EC0-301F-11D3-BF4B-00C04F79EFBC}") = "FuncionariosDaEmpresa.API", "FuncionariosDaEmpresa.API\FuncionariosDaEmpresa.API.csproj", "{ABD0A56F-6D67-4FF2-B83A-E3845558417D}"
EndProject
Global
	GlobalSection(SolutionConfigurationPlatforms) = preSolution
		Debug|Any CPU = Debug|Any CPU
		Release|Any CPU = Release|Any CPU
	EndGlobalSection
	GlobalSection(ProjectConfigurationPlatforms) = postSolution
		{ABD0A56F-6D67-4FF2-B83A-E3845558417D}.Debug|Any CPU.ActiveCfg = Debug|Any CPU
		{ABD0A56F-6D67-4FF2-B83A-E3845558417D}.Debug|Any CPU.Build.0 = Debug|Any CPU
		{ABD0A56F-6D67-4FF2-B83A-E3845558417D}.Release|Any CPU.ActiveCfg = Release|Any CPU
		{ABD0A56F-6D67-4FF2-B83A-E3845558417D}.Release|Any CPU.Build.0 = Release|Any CPU
	EndGlobalSection
	GlobalSection(SolutionProperties) = preSolution
		HideSolutionNode = FALSE
	EndGlobalSection
	GlobalSection(ExtensibilityGlobals) = postSolution
		SolutionGuid = {ED06E7CE-F846-4B83-A4A6-C62CFC62AC6D}
	EndGlobalSection
EndGlobal
