
Microsoft Visual Studio Solution File, Format Version 12.00
# Visual Studio Version 17
VisualStudioVersion = 17.5.33502.453
MinimumVisualStudioVersion = 10.0.40219.1
Project("{FAE04EC0-301F-11D3-BF4B-00C04F79EFBC}") = "FuncionariosDaEmpresa.API", "FuncionariosDaEmpresa.API\FuncionariosDaEmpresa.API.csproj", "{2149BA75-40C6-4D96-AA39-539B0784F5E7}"
EndProject
Project("{FAE04EC0-301F-11D3-BF4B-00C04F79EFBC}") = "FuncionariosDaEmpresa.Contracts", "FuncionariosDaEmpresa.Contracts\FuncionariosDaEmpresa.Contracts.csproj", "{8DF44AB5-4E1D-49BB-B68F-5E6409006ABC}"
EndProject
Project("{FAE04EC0-301F-11D3-BF4B-00C04F79EFBC}") = "FuncionariosDaEmpresa.LoggerService", "FuncionariosDaEmpresa.LoggerService\FuncionariosDaEmpresa.LoggerService.csproj", "{238A41B9-9323-4CBE-B508-53E33CBEA68C}"
EndProject
Global
	GlobalSection(SolutionConfigurationPlatforms) = preSolution
		Debug|Any CPU = Debug|Any CPU
		Release|Any CPU = Release|Any CPU
	EndGlobalSection
	GlobalSection(ProjectConfigurationPlatforms) = postSolution
		{2149BA75-40C6-4D96-AA39-539B0784F5E7}.Debug|Any CPU.ActiveCfg = Debug|Any CPU
		{2149BA75-40C6-4D96-AA39-539B0784F5E7}.Debug|Any CPU.Build.0 = Debug|Any CPU
		{2149BA75-40C6-4D96-AA39-539B0784F5E7}.Release|Any CPU.ActiveCfg = Release|Any CPU
		{2149BA75-40C6-4D96-AA39-539B0784F5E7}.Release|Any CPU.Build.0 = Release|Any CPU
		{8DF44AB5-4E1D-49BB-B68F-5E6409006ABC}.Debug|Any CPU.ActiveCfg = Debug|Any CPU
		{8DF44AB5-4E1D-49BB-B68F-5E6409006ABC}.Debug|Any CPU.Build.0 = Debug|Any CPU
		{8DF44AB5-4E1D-49BB-B68F-5E6409006ABC}.Release|Any CPU.ActiveCfg = Release|Any CPU
		{8DF44AB5-4E1D-49BB-B68F-5E6409006ABC}.Release|Any CPU.Build.0 = Release|Any CPU
		{238A41B9-9323-4CBE-B508-53E33CBEA68C}.Debug|Any CPU.ActiveCfg = Debug|Any CPU
		{238A41B9-9323-4CBE-B508-53E33CBEA68C}.Debug|Any CPU.Build.0 = Debug|Any CPU
		{238A41B9-9323-4CBE-B508-53E33CBEA68C}.Release|Any CPU.ActiveCfg = Release|Any CPU
		{238A41B9-9323-4CBE-B508-53E33CBEA68C}.Release|Any CPU.Build.0 = Release|Any CPU
	EndGlobalSection
	GlobalSection(SolutionProperties) = preSolution
		HideSolutionNode = FALSE
	EndGlobalSection
	GlobalSection(ExtensibilityGlobals) = postSolution
		SolutionGuid = {ED06E7CE-F846-4B83-A4A6-C62CFC62AC6D}
	EndGlobalSection
EndGlobal
